<?xml version="1.0" encoding="utf-8"?>
<Project ToolsVersion="4.0" xmlns="http://schemas.microsoft.com/developer/msbuild/2003">
  <ItemGroup>
    <Filter Include="Fichiers de ressources">
      <UniqueIdentifier>{67DA6AB6-F800-4c08-8B7A-83BB121AAD01}</UniqueIdentifier>
      <Extensions>rc;ico;cur;bmp;dlg;rc2;rct;bin;rgs;gif;jpg;jpeg;jpe;resx;tiff;tif;png;wav;mfcribbon-ms</Extensions>
    </Filter>
    <Filter Include="lib">
      <UniqueIdentifier>{053c40f7-42d0-40dd-a0f2-54c5bd53f3a8}</UniqueIdentifier>
    </Filter>
    <Filter Include="lib\SFML">
      <UniqueIdentifier>{49fe27e7-cfd6-4877-a983-27278a73119b}</UniqueIdentifier>
    </Filter>
    <Filter Include="lib\SFML\Network">
      <UniqueIdentifier>{7d2dc1a9-fc6a-47c4-8d2a-2f3c6702aa1e}</UniqueIdentifier>
    </Filter>
    <Filter Include="lib\SFML\System">
      <UniqueIdentifier>{844ae8f3-878d-4436-8bfb-50eb62d006e8}</UniqueIdentifier>
    </Filter>
    <Filter Include="lib\TGUI">
      <UniqueIdentifier>{97a15f74-ad0e-4644-ba9f-0050359a5835}</UniqueIdentifier>
    </Filter>
    <Filter Include="lib\SFML\Window">
      <UniqueIdentifier>{5f3548f3-0b41-49cb-9e21-4a4deaab7868}</UniqueIdentifier>
    </Filter>
    <Filter Include="lib\SFML\Graphics">
      <UniqueIdentifier>{9cbe854d-3c68-4e58-9fdd-b7739092bb00}</UniqueIdentifier>
    </Filter>
    <Filter Include="lib\SFML\Audio">
      <UniqueIdentifier>{37caef81-0e3a-4025-afa1-23a665d8c8bc}</UniqueIdentifier>
    </Filter>
  </ItemGroup>
  <ItemGroup>
    <ClInclude Include="..\lib\SFML\include\SFML\Config.hpp">
      <Filter>lib\SFML</Filter>
    </ClInclude>
    <ClInclude Include="..\lib\SFML\include\SFML\GpuPreference.hpp">
      <Filter>lib\SFML</Filter>
    </ClInclude>
    <ClInclude Include="..\lib\SFML\include\SFML\Graphics.hpp">
      <Filter>lib\SFML</Filter>
    </ClInclude>
    <ClInclude Include="..\lib\SFML\include\SFML\Main.hpp">
      <Filter>lib\SFML</Filter>
    </ClInclude>
    <ClInclude Include="..\lib\SFML\include\SFML\Network.hpp">
      <Filter>lib\SFML</Filter>
    </ClInclude>
    <ClInclude Include="..\lib\SFML\include\SFML\System.hpp">
      <Filter>lib\SFML</Filter>
    </ClInclude>
    <ClInclude Include="..\lib\SFML\include\SFML\Network\Export.hpp">
      <Filter>lib\SFML\Network</Filter>
    </ClInclude>
    <ClInclude Include="..\lib\SFML\include\SFML\Network\Ftp.hpp">
      <Filter>lib\SFML\Network</Filter>
    </ClInclude>
    <ClInclude Include="..\lib\SFML\include\SFML\Network\Http.hpp">
      <Filter>lib\SFML\Network</Filter>
    </ClInclude>
    <ClInclude Include="..\lib\SFML\include\SFML\Network\IpAddress.hpp">
      <Filter>lib\SFML\Network</Filter>
    </ClInclude>
    <ClInclude Include="..\lib\SFML\include\SFML\Network\Packet.hpp">
      <Filter>lib\SFML\Network</Filter>
    </ClInclude>
    <ClInclude Include="..\lib\SFML\include\SFML\Network\Socket.hpp">
      <Filter>lib\SFML\Network</Filter>
    </ClInclude>
    <ClInclude Include="..\lib\SFML\include\SFML\Network\SocketHandle.hpp">
      <Filter>lib\SFML\Network</Filter>
    </ClInclude>
    <ClInclude Include="..\lib\SFML\include\SFML\Network\SocketSelector.hpp">
      <Filter>lib\SFML\Network</Filter>
    </ClInclude>
    <ClInclude Include="..\lib\SFML\include\SFML\Network\TcpListener.hpp">
      <Filter>lib\SFML\Network</Filter>
    </ClInclude>
    <ClInclude Include="..\lib\SFML\include\SFML\Network\TcpSocket.hpp">
      <Filter>lib\SFML\Network</Filter>
    </ClInclude>
    <ClInclude Include="..\lib\SFML\include\SFML\Network\UdpSocket.hpp">
      <Filter>lib\SFML\Network</Filter>
    </ClInclude>
    <ClInclude Include="..\lib\SFML\include\SFML\System\Clock.hpp">
      <Filter>lib\SFML\System</Filter>
    </ClInclude>
    <ClInclude Include="..\lib\SFML\include\SFML\System\Err.hpp">
      <Filter>lib\SFML\System</Filter>
    </ClInclude>
    <ClInclude Include="..\lib\SFML\include\SFML\System\Export.hpp">
      <Filter>lib\SFML\System</Filter>
    </ClInclude>
    <ClInclude Include="..\lib\SFML\include\SFML\System\FileInputStream.hpp">
      <Filter>lib\SFML\System</Filter>
    </ClInclude>
    <ClInclude Include="..\lib\SFML\include\SFML\System\InputStream.hpp">
      <Filter>lib\SFML\System</Filter>
    </ClInclude>
    <ClInclude Include="..\lib\SFML\include\SFML\System\Lock.hpp">
      <Filter>lib\SFML\System</Filter>
    </ClInclude>
    <ClInclude Include="..\lib\SFML\include\SFML\System\MemoryInputStream.hpp">
      <Filter>lib\SFML\System</Filter>
    </ClInclude>
    <ClInclude Include="..\lib\SFML\include\SFML\System\Mutex.hpp">
      <Filter>lib\SFML\System</Filter>
    </ClInclude>
    <ClInclude Include="..\lib\SFML\include\SFML\System\NativeActivity.hpp">
      <Filter>lib\SFML\System</Filter>
    </ClInclude>
    <ClInclude Include="..\lib\SFML\include\SFML\System\NonCopyable.hpp">
      <Filter>lib\SFML\System</Filter>
    </ClInclude>
    <ClInclude Include="..\lib\SFML\include\SFML\System\Sleep.hpp">
      <Filter>lib\SFML\System</Filter>
    </ClInclude>
    <ClInclude Include="..\lib\SFML\include\SFML\System\String.hpp">
      <Filter>lib\SFML\System</Filter>
    </ClInclude>
    <ClInclude Include="..\lib\SFML\include\SFML\System\Thread.hpp">
      <Filter>lib\SFML\System</Filter>
    </ClInclude>
    <ClInclude Include="..\lib\SFML\include\SFML\System\ThreadLocal.hpp">
      <Filter>lib\SFML\System</Filter>
    </ClInclude>
    <ClInclude Include="..\lib\SFML\include\SFML\System\ThreadLocalPtr.hpp">
      <Filter>lib\SFML\System</Filter>
    </ClInclude>
    <ClInclude Include="..\lib\SFML\include\SFML\System\Time.hpp">
      <Filter>lib\SFML\System</Filter>
    </ClInclude>
    <ClInclude Include="..\lib\SFML\include\SFML\System\Utf.hpp">
      <Filter>lib\SFML\System</Filter>
    </ClInclude>
    <ClInclude Include="..\lib\SFML\include\SFML\System\Vector2.hpp">
      <Filter>lib\SFML\System</Filter>
    </ClInclude>
    <ClInclude Include="..\lib\SFML\include\SFML\System\Vector3.hpp">
      <Filter>lib\SFML\System</Filter>
    </ClInclude>
    <ClInclude Include="..\lib\TGUI\include\TGUI\AbsoluteOrRelativeValue.hpp">
      <Filter>lib\TGUI</Filter>
    </ClInclude>
    <ClInclude Include="..\lib\TGUI\include\TGUI\Animation.hpp">
      <Filter>lib\TGUI</Filter>
    </ClInclude>
    <ClInclude Include="..\lib\TGUI\include\TGUI\Any.hpp">
      <Filter>lib\TGUI</Filter>
    </ClInclude>
    <ClInclude Include="..\lib\TGUI\include\TGUI\Clipboard.hpp">
      <Filter>lib\TGUI</Filter>
    </ClInclude>
    <ClInclude Include="..\lib\TGUI\include\TGUI\Clipping.hpp">
      <Filter>lib\TGUI</Filter>
    </ClInclude>
    <ClInclude Include="..\lib\TGUI\include\TGUI\Color.hpp">
      <Filter>lib\TGUI</Filter>
    </ClInclude>
    <ClInclude Include="..\lib\TGUI\include\TGUI\Config.hpp">
      <Filter>lib\TGUI</Filter>
    </ClInclude>
    <ClInclude Include="..\lib\TGUI\include\TGUI\Container.hpp">
      <Filter>lib\TGUI</Filter>
    </ClInclude>
    <ClInclude Include="..\lib\TGUI\include\TGUI\CopiedSharedPtr.hpp">
      <Filter>lib\TGUI</Filter>
    </ClInclude>
    <ClInclude Include="..\lib\TGUI\include\TGUI\CustomWidgetForBindings.hpp">
      <Filter>lib\TGUI</Filter>
    </ClInclude>
    <ClInclude Include="..\lib\TGUI\include\TGUI\DefaultFont.hpp">
      <Filter>lib\TGUI</Filter>
    </ClInclude>
    <ClInclude Include="..\lib\TGUI\include\TGUI\Exception.hpp">
      <Filter>lib\TGUI</Filter>
    </ClInclude>
    <ClInclude Include="..\lib\TGUI\include\TGUI\FloatRect.hpp">
      <Filter>lib\TGUI</Filter>
    </ClInclude>
    <ClInclude Include="..\lib\TGUI\include\TGUI\Font.hpp">
      <Filter>lib\TGUI</Filter>
    </ClInclude>
    <ClInclude Include="..\lib\TGUI\include\TGUI\Global.hpp">
      <Filter>lib\TGUI</Filter>
    </ClInclude>
    <ClInclude Include="..\lib\TGUI\include\TGUI\Gui.hpp">
      <Filter>lib\TGUI</Filter>
    </ClInclude>
    <ClInclude Include="..\lib\TGUI\include\TGUI\Layout.hpp">
      <Filter>lib\TGUI</Filter>
    </ClInclude>
    <ClInclude Include="..\lib\TGUI\include\TGUI\ObjectConverter.hpp">
      <Filter>lib\TGUI</Filter>
    </ClInclude>
    <ClInclude Include="..\lib\TGUI\include\TGUI\Outline.hpp">
      <Filter>lib\TGUI</Filter>
    </ClInclude>
    <ClInclude Include="..\lib\TGUI\include\TGUI\RendererDefines.hpp">
      <Filter>lib\TGUI</Filter>
    </ClInclude>
    <ClInclude Include="..\lib\TGUI\include\TGUI\Signal.hpp">
      <Filter>lib\TGUI</Filter>
    </ClInclude>
    <ClInclude Include="..\lib\TGUI\include\TGUI\SignalImpl.hpp">
      <Filter>lib\TGUI</Filter>
    </ClInclude>
    <ClInclude Include="..\lib\TGUI\include\TGUI\Sprite.hpp">
      <Filter>lib\TGUI</Filter>
    </ClInclude>
    <ClInclude Include="..\lib\TGUI\include\TGUI\SvgImage.hpp">
      <Filter>lib\TGUI</Filter>
    </ClInclude>
    <ClInclude Include="..\lib\TGUI\include\TGUI\Text.hpp">
      <Filter>lib\TGUI</Filter>
    </ClInclude>
    <ClInclude Include="..\lib\TGUI\include\TGUI\TextStyle.hpp">
      <Filter>lib\TGUI</Filter>
    </ClInclude>
    <ClInclude Include="..\lib\TGUI\include\TGUI\Texture.hpp">
      <Filter>lib\TGUI</Filter>
    </ClInclude>
    <ClInclude Include="..\lib\TGUI\include\TGUI\TextureData.hpp">
      <Filter>lib\TGUI</Filter>
    </ClInclude>
    <ClInclude Include="..\lib\TGUI\include\TGUI\TextureManager.hpp">
      <Filter>lib\TGUI</Filter>
    </ClInclude>
    <ClInclude Include="..\lib\TGUI\include\TGUI\TGUI.hpp">
      <Filter>lib\TGUI</Filter>
    </ClInclude>
    <ClInclude Include="..\lib\TGUI\include\TGUI\to_string.hpp">
      <Filter>lib\TGUI</Filter>
    </ClInclude>
    <ClInclude Include="..\lib\TGUI\include\TGUI\ToolTip.hpp">
      <Filter>lib\TGUI</Filter>
    </ClInclude>
    <ClInclude Include="..\lib\TGUI\include\TGUI\Vector2f.hpp">
      <Filter>lib\TGUI</Filter>
    </ClInclude>
    <ClInclude Include="..\lib\TGUI\include\TGUI\Widget.hpp">
      <Filter>lib\TGUI</Filter>
    </ClInclude>
    <ClInclude Include="..\lib\SFML\include\SFML\Audio.hpp">
      <Filter>lib\SFML</Filter>
    </ClInclude>
    <ClInclude Include="..\lib\SFML\include\SFML\OpenGL.hpp">
      <Filter>lib\SFML</Filter>
    </ClInclude>
    <ClInclude Include="..\lib\SFML\include\SFML\Window.hpp">
      <Filter>lib\SFML</Filter>
    </ClInclude>
    <ClInclude Include="..\lib\SFML\include\SFML\Graphics\BlendMode.hpp">
      <Filter>lib\SFML\Graphics</Filter>
    </ClInclude>
    <ClInclude Include="..\lib\SFML\include\SFML\Graphics\CircleShape.hpp">
      <Filter>lib\SFML\Graphics</Filter>
    </ClInclude>
    <ClInclude Include="..\lib\SFML\include\SFML\Graphics\Color.hpp">
      <Filter>lib\SFML\Graphics</Filter>
    </ClInclude>
    <ClInclude Include="..\lib\SFML\include\SFML\Graphics\ConvexShape.hpp">
      <Filter>lib\SFML\Graphics</Filter>
    </ClInclude>
    <ClInclude Include="..\lib\SFML\include\SFML\Graphics\Drawable.hpp">
      <Filter>lib\SFML\Graphics</Filter>
    </ClInclude>
    <ClInclude Include="..\lib\SFML\include\SFML\Graphics\Export.hpp">
      <Filter>lib\SFML\Graphics</Filter>
    </ClInclude>
    <ClInclude Include="..\lib\SFML\include\SFML\Graphics\Font.hpp">
      <Filter>lib\SFML\Graphics</Filter>
    </ClInclude>
    <ClInclude Include="..\lib\SFML\include\SFML\Graphics\Glsl.hpp">
      <Filter>lib\SFML\Graphics</Filter>
    </ClInclude>
    <ClInclude Include="..\lib\SFML\include\SFML\Graphics\Glyph.hpp">
      <Filter>lib\SFML\Graphics</Filter>
    </ClInclude>
    <ClInclude Include="..\lib\SFML\include\SFML\Graphics\Image.hpp">
      <Filter>lib\SFML\Graphics</Filter>
    </ClInclude>
    <ClInclude Include="..\lib\SFML\include\SFML\Graphics\PrimitiveType.hpp">
      <Filter>lib\SFML\Graphics</Filter>
    </ClInclude>
    <ClInclude Include="..\lib\SFML\include\SFML\Graphics\Rect.hpp">
      <Filter>lib\SFML\Graphics</Filter>
    </ClInclude>
    <ClInclude Include="..\lib\SFML\include\SFML\Graphics\RectangleShape.hpp">
      <Filter>lib\SFML\Graphics</Filter>
    </ClInclude>
    <ClInclude Include="..\lib\SFML\include\SFML\Graphics\RenderStates.hpp">
      <Filter>lib\SFML\Graphics</Filter>
    </ClInclude>
    <ClInclude Include="..\lib\SFML\include\SFML\Graphics\RenderTarget.hpp">
      <Filter>lib\SFML\Graphics</Filter>
    </ClInclude>
    <ClInclude Include="..\lib\SFML\include\SFML\Graphics\RenderTexture.hpp">
      <Filter>lib\SFML\Graphics</Filter>
    </ClInclude>
    <ClInclude Include="..\lib\SFML\include\SFML\Graphics\RenderWindow.hpp">
      <Filter>lib\SFML\Graphics</Filter>
    </ClInclude>
    <ClInclude Include="..\lib\SFML\include\SFML\Graphics\Shader.hpp">
      <Filter>lib\SFML\Graphics</Filter>
    </ClInclude>
    <ClInclude Include="..\lib\SFML\include\SFML\Graphics\Shape.hpp">
      <Filter>lib\SFML\Graphics</Filter>
    </ClInclude>
    <ClInclude Include="..\lib\SFML\include\SFML\Graphics\Sprite.hpp">
      <Filter>lib\SFML\Graphics</Filter>
    </ClInclude>
    <ClInclude Include="..\lib\SFML\include\SFML\Graphics\Text.hpp">
      <Filter>lib\SFML\Graphics</Filter>
    </ClInclude>
    <ClInclude Include="..\lib\SFML\include\SFML\Graphics\Texture.hpp">
      <Filter>lib\SFML\Graphics</Filter>
    </ClInclude>
    <ClInclude Include="..\lib\SFML\include\SFML\Graphics\Transform.hpp">
      <Filter>lib\SFML\Graphics</Filter>
    </ClInclude>
    <ClInclude Include="..\lib\SFML\include\SFML\Graphics\Transformable.hpp">
      <Filter>lib\SFML\Graphics</Filter>
    </ClInclude>
    <ClInclude Include="..\lib\SFML\include\SFML\Graphics\Vertex.hpp">
      <Filter>lib\SFML\Graphics</Filter>
    </ClInclude>
    <ClInclude Include="..\lib\SFML\include\SFML\Graphics\VertexArray.hpp">
      <Filter>lib\SFML\Graphics</Filter>
    </ClInclude>
    <ClInclude Include="..\lib\SFML\include\SFML\Graphics\VertexBuffer.hpp">
      <Filter>lib\SFML\Graphics</Filter>
    </ClInclude>
    <ClInclude Include="..\lib\SFML\include\SFML\Graphics\View.hpp">
      <Filter>lib\SFML\Graphics</Filter>
    </ClInclude>
    <ClInclude Include="..\lib\SFML\include\SFML\Window\Clipboard.hpp">
      <Filter>lib\SFML\Window</Filter>
    </ClInclude>
    <ClInclude Include="..\lib\SFML\include\SFML\Window\Context.hpp">
      <Filter>lib\SFML\Window</Filter>
    </ClInclude>
    <ClInclude Include="..\lib\SFML\include\SFML\Window\ContextSettings.hpp">
      <Filter>lib\SFML\Window</Filter>
    </ClInclude>
    <ClInclude Include="..\lib\SFML\include\SFML\Window\Cursor.hpp">
      <Filter>lib\SFML\Window</Filter>
    </ClInclude>
    <ClInclude Include="..\lib\SFML\include\SFML\Window\Event.hpp">
      <Filter>lib\SFML\Window</Filter>
    </ClInclude>
    <ClInclude Include="..\lib\SFML\include\SFML\Window\Export.hpp">
      <Filter>lib\SFML\Window</Filter>
    </ClInclude>
    <ClInclude Include="..\lib\SFML\include\SFML\Window\GlResource.hpp">
      <Filter>lib\SFML\Window</Filter>
    </ClInclude>
    <ClInclude Include="..\lib\SFML\include\SFML\Window\Joystick.hpp">
      <Filter>lib\SFML\Window</Filter>
    </ClInclude>
    <ClInclude Include="..\lib\SFML\include\SFML\Window\Keyboard.hpp">
      <Filter>lib\SFML\Window</Filter>
    </ClInclude>
    <ClInclude Include="..\lib\SFML\include\SFML\Window\Mouse.hpp">
      <Filter>lib\SFML\Window</Filter>
    </ClInclude>
    <ClInclude Include="..\lib\SFML\include\SFML\Window\Sensor.hpp">
      <Filter>lib\SFML\Window</Filter>
    </ClInclude>
    <ClInclude Include="..\lib\SFML\include\SFML\Window\Touch.hpp">
      <Filter>lib\SFML\Window</Filter>
    </ClInclude>
    <ClInclude Include="..\lib\SFML\include\SFML\Window\VideoMode.hpp">
      <Filter>lib\SFML\Window</Filter>
    </ClInclude>
    <ClInclude Include="..\lib\SFML\include\SFML\Window\Window.hpp">
      <Filter>lib\SFML\Window</Filter>
    </ClInclude>
    <ClInclude Include="..\lib\SFML\include\SFML\Window\WindowHandle.hpp">
      <Filter>lib\SFML\Window</Filter>
    </ClInclude>
    <ClInclude Include="..\lib\SFML\include\SFML\Window\WindowStyle.hpp">
      <Filter>lib\SFML\Window</Filter>
    </ClInclude>
    <ClInclude Include="..\lib\SFML\include\SFML\Audio\AlResource.hpp">
      <Filter>lib\SFML\Audio</Filter>
    </ClInclude>
    <ClInclude Include="..\lib\SFML\include\SFML\Audio\Export.hpp">
      <Filter>lib\SFML\Audio</Filter>
    </ClInclude>
    <ClInclude Include="..\lib\SFML\include\SFML\Audio\InputSoundFile.hpp">
      <Filter>lib\SFML\Audio</Filter>
    </ClInclude>
    <ClInclude Include="..\lib\SFML\include\SFML\Audio\Listener.hpp">
      <Filter>lib\SFML\Audio</Filter>
    </ClInclude>
    <ClInclude Include="..\lib\SFML\include\SFML\Audio\Music.hpp">
      <Filter>lib\SFML\Audio</Filter>
    </ClInclude>
    <ClInclude Include="..\lib\SFML\include\SFML\Audio\OutputSoundFile.hpp">
      <Filter>lib\SFML\Audio</Filter>
    </ClInclude>
    <ClInclude Include="..\lib\SFML\include\SFML\Audio\Sound.hpp">
      <Filter>lib\SFML\Audio</Filter>
    </ClInclude>
    <ClInclude Include="..\lib\SFML\include\SFML\Audio\SoundBuffer.hpp">
      <Filter>lib\SFML\Audio</Filter>
    </ClInclude>
    <ClInclude Include="..\lib\SFML\include\SFML\Audio\SoundBufferRecorder.hpp">
      <Filter>lib\SFML\Audio</Filter>
    </ClInclude>
    <ClInclude Include="..\lib\SFML\include\SFML\Audio\SoundFileFactory.hpp">
      <Filter>lib\SFML\Audio</Filter>
    </ClInclude>
    <ClInclude Include="..\lib\SFML\include\SFML\Audio\SoundFileReader.hpp">
      <Filter>lib\SFML\Audio</Filter>
    </ClInclude>
    <ClInclude Include="..\lib\SFML\include\SFML\Audio\SoundFileWriter.hpp">
      <Filter>lib\SFML\Audio</Filter>
    </ClInclude>
    <ClInclude Include="..\lib\SFML\include\SFML\Audio\SoundRecorder.hpp">
      <Filter>lib\SFML\Audio</Filter>
    </ClInclude>
    <ClInclude Include="..\lib\SFML\include\SFML\Audio\SoundSource.hpp">
      <Filter>lib\SFML\Audio</Filter>
    </ClInclude>
    <ClInclude Include="..\lib\SFML\include\SFML\Audio\SoundStream.hpp">
      <Filter>lib\SFML\Audio</Filter>
    </ClInclude>
  </ItemGroup>
  <ItemGroup>
    <None Include="..\lib\SFML\include\SFML\System\String.inl">
      <Filter>lib\SFML\System</Filter>
    </None>
    <None Include="..\lib\SFML\include\SFML\System\Thread.inl">
      <Filter>lib\SFML\System</Filter>
    </None>
    <None Include="..\lib\SFML\include\SFML\System\ThreadLocalPtr.inl">
      <Filter>lib\SFML\System</Filter>
    </None>
    <None Include="..\lib\SFML\include\SFML\System\Utf.inl">
      <Filter>lib\SFML\System</Filter>
    </None>
    <None Include="..\lib\SFML\include\SFML\System\Vector2.inl">
      <Filter>lib\SFML\System</Filter>
    </None>
    <None Include="..\lib\SFML\include\SFML\System\Vector3.inl">
      <Filter>lib\SFML\System</Filter>
    </None>
    <None Include="..\lib\SFML\include\SFML\Graphics\Glsl.inl">
      <Filter>lib\SFML\Graphics</Filter>
    </None>
    <None Include="..\lib\SFML\include\SFML\Graphics\Rect.inl">
      <Filter>lib\SFML\Graphics</Filter>
    </None>
    <None Include="..\lib\SFML\include\SFML\Audio\SoundFileFactory.inl">
      <Filter>lib\SFML\Audio</Filter>
    </None>
  </ItemGroup>
</Project>